
Microsoft Visual Studio Solution File, Format Version 12.00
# Visual Studio Version 17
VisualStudioVersion = 17.2.32630.192
MinimumVisualStudioVersion = 10.0.40219.1
Project("{9A19103F-16F7-4668-BE54-9A1E7A4F7556}") = "Film.Integration.API", "Film.Integration.API\Film.Integration.API.csproj", "{BB9EC47D-A364-43ED-BF9D-BC0B9952A00A}"
EndProject
Global
	GlobalSection(SolutionConfigurationPlatforms) = preSolution
		Debug|Any CPU = Debug|Any CPU
		Release|Any CPU = Release|Any CPU
	EndGlobalSection
	GlobalSection(ProjectConfigurationPlatforms) = postSolution
		{BB9EC47D-A364-43ED-BF9D-BC0B9952A00A}.Debug|Any CPU.ActiveCfg = Debug|Any CPU
		{BB9EC47D-A364-43ED-BF9D-BC0B9952A00A}.Debug|Any CPU.Build.0 = Debug|Any CPU
		{BB9EC47D-A364-43ED-BF9D-BC0B9952A00A}.Release|Any CPU.ActiveCfg = Release|Any CPU
		{BB9EC47D-A364-43ED-BF9D-BC0B9952A00A}.Release|Any CPU.Build.0 = Release|Any CPU
	EndGlobalSection
	GlobalSection(SolutionProperties) = preSolution
		HideSolutionNode = FALSE
	EndGlobalSection
	GlobalSection(ExtensibilityGlobals) = postSolution
		SolutionGuid = {BE71C3C8-8749-4D25-8917-1AC53722ECA8}
	EndGlobalSection
EndGlobal
